
Microsoft Visual Studio Solution File, Format Version 12.00
# Visual Studio Version 17
VisualStudioVersion = 17.13.35919.96 d17.13
MinimumVisualStudioVersion = 10.0.40219.1
Project("{FAE04EC0-301F-11D3-BF4B-00C04F79EFBC}") = "Week3 Challenge Labs 4", "Week3 Challenge Labs 4.csproj", "{4218F601-B86A-4827-A684-8F99BF7BA36C}"
EndProject
Global
	GlobalSection(SolutionConfigurationPlatforms) = preSolution
		Debug|Any CPU = Debug|Any CPU
		Release|Any CPU = Release|Any CPU
	EndGlobalSection
	GlobalSection(ProjectConfigurationPlatforms) = postSolution
		{4218F601-B86A-4827-A684-8F99BF7BA36C}.Debug|Any CPU.ActiveCfg = Debug|Any CPU
		{4218F601-B86A-4827-A684-8F99BF7BA36C}.Debug|Any CPU.Build.0 = Debug|Any CPU
		{4218F601-B86A-4827-A684-8F99BF7BA36C}.Release|Any CPU.ActiveCfg = Release|Any CPU
		{4218F601-B86A-4827-A684-8F99BF7BA36C}.Release|Any CPU.Build.0 = Release|Any CPU
	EndGlobalSection
	GlobalSection(SolutionProperties) = preSolution
		HideSolutionNode = FALSE
	EndGlobalSection
	GlobalSection(ExtensibilityGlobals) = postSolution
		SolutionGuid = {BA682496-BD4F-4BCA-A25A-C8A640A358D4}
	EndGlobalSection
EndGlobal
